// !$*UTF8*$!
{
	archiveVersion = 1;
	classes = {
	};
	objectVersion = 46;
	objects = {

/* Begin PBXBuildFile section */
		1A10C07774A23C7B6279D6A6 /* Pods_DemocracyTests.framework in Frameworks */ = {isa = PBXBuildFile; fileRef = 501E99DFEC72A8D1D2D26953 /* Pods_DemocracyTests.framework */; };
		B30EDF9B1F09C7C7006BDA24 /* AppDelegate.swift in Sources */ = {isa = PBXBuildFile; fileRef = B30EDF9A1F09C7C7006BDA24 /* AppDelegate.swift */; };
		B30EDFA21F09C7C7006BDA24 /* Assets.xcassets in Resources */ = {isa = PBXBuildFile; fileRef = B30EDFA11F09C7C7006BDA24 /* Assets.xcassets */; };
		B30EDFA51F09C7C7006BDA24 /* LaunchScreen.storyboard in Resources */ = {isa = PBXBuildFile; fileRef = B30EDFA31F09C7C7006BDA24 /* LaunchScreen.storyboard */; };
		B38445BA1F12ED0100D758BA /* Request.swift in Sources */ = {isa = PBXBuildFile; fileRef = B38445B91F12ED0100D758BA /* Request.swift */; };
		B38445BC1F12ED0D00D758BA /* SessionManager+Request.swift in Sources */ = {isa = PBXBuildFile; fileRef = B38445BB1F12ED0D00D758BA /* SessionManager+Request.swift */; };
		B38445C31F12EDF500D758BA /* PoliticiansState.swift in Sources */ = {isa = PBXBuildFile; fileRef = B38445C21F12EDF500D758BA /* PoliticiansState.swift */; };
		B38445C61F12EE1C00D758BA /* Politician.swift in Sources */ = {isa = PBXBuildFile; fileRef = B38445C51F12EE1C00D758BA /* Politician.swift */; };
		B38445C81F12EF2900D758BA /* PoliticiansReducer.swift in Sources */ = {isa = PBXBuildFile; fileRef = B38445C71F12EF2900D758BA /* PoliticiansReducer.swift */; };
		B38445CA1F12FC5200D758BA /* PoliticiansAction.swift in Sources */ = {isa = PBXBuildFile; fileRef = B38445C91F12FC5200D758BA /* PoliticiansAction.swift */; };
		B38445CC1F12FCB300D758BA /* PoliticiansReducerTests.swift in Sources */ = {isa = PBXBuildFile; fileRef = B38445CB1F12FCB300D758BA /* PoliticiansReducerTests.swift */; };
		B38445CF1F1319A000D758BA /* TestData.swift in Sources */ = {isa = PBXBuildFile; fileRef = B38445CD1F13196D00D758BA /* TestData.swift */; };
		B38445D21F131CC000D758BA /* Error+PatternMatching.swift in Sources */ = {isa = PBXBuildFile; fileRef = B38445D11F131CC000D758BA /* Error+PatternMatching.swift */; };
		B38616421F17B4B5001099FC /* PoliticiansEpics.swift in Sources */ = {isa = PBXBuildFile; fileRef = B38616411F17B4B5001099FC /* PoliticiansEpics.swift */; };
		B38616441F17C0C5001099FC /* FunctionalUtils.swift in Sources */ = {isa = PBXBuildFile; fileRef = B38616431F17C0C5001099FC /* FunctionalUtils.swift */; };
		B38616461F17C0F2001099FC /* RxSwift+Unwrap.swift in Sources */ = {isa = PBXBuildFile; fileRef = B38616451F17C0F2001099FC /* RxSwift+Unwrap.swift */; };
		B386164A1F17C238001099FC /* AppSessionConfigurationFactory.swift in Sources */ = {isa = PBXBuildFile; fileRef = B38616491F17C238001099FC /* AppSessionConfigurationFactory.swift */; };
		B386164C1F17C28D001099FC /* APIDefaults.swift in Sources */ = {isa = PBXBuildFile; fileRef = B386164B1F17C28D001099FC /* APIDefaults.swift */; };
		B38616521F17C617001099FC /* Epics.swift in Sources */ = {isa = PBXBuildFile; fileRef = B38616511F17C617001099FC /* Epics.swift */; };
		B386166B1F181117001099FC /* Store.swift in Sources */ = {isa = PBXBuildFile; fileRef = B386166A1F181117001099FC /* Store.swift */; };
		B386166D1F18114C001099FC /* Action.swift in Sources */ = {isa = PBXBuildFile; fileRef = B386166C1F18114C001099FC /* Action.swift */; };
		B386166F1F1813CD001099FC /* Reducer.swift in Sources */ = {isa = PBXBuildFile; fileRef = B386166E1F1813CD001099FC /* Reducer.swift */; };
		B38616711F1813D8001099FC /* Dispatch.swift in Sources */ = {isa = PBXBuildFile; fileRef = B38616701F1813D8001099FC /* Dispatch.swift */; };
		B38616731F1813E3001099FC /* Middleware.swift in Sources */ = {isa = PBXBuildFile; fileRef = B38616721F1813E3001099FC /* Middleware.swift */; };
		B38616751F181EED001099FC /* EpicMiddleware.swift in Sources */ = {isa = PBXBuildFile; fileRef = B38616741F181EED001099FC /* EpicMiddleware.swift */; };
		B38616781F191E3C001099FC /* PoliticiansViewController.swift in Sources */ = {isa = PBXBuildFile; fileRef = B38616771F191E3C001099FC /* PoliticiansViewController.swift */; };
		B386167A1F195111001099FC /* AppRouter.swift in Sources */ = {isa = PBXBuildFile; fileRef = B38616791F195111001099FC /* AppRouter.swift */; };
		B386167C1F1953D9001099FC /* AppStore.swift in Sources */ = {isa = PBXBuildFile; fileRef = B386167B1F1953D9001099FC /* AppStore.swift */; };
		B386167E1F1953E2001099FC /* AppState.swift in Sources */ = {isa = PBXBuildFile; fileRef = B386167D1F1953E2001099FC /* AppState.swift */; };
		B38616801F1953E7001099FC /* AppReducer.swift in Sources */ = {isa = PBXBuildFile; fileRef = B386167F1F1953E7001099FC /* AppReducer.swift */; };
		B38616821F195442001099FC /* Store+Rx.swift in Sources */ = {isa = PBXBuildFile; fileRef = B38616811F195442001099FC /* Store+Rx.swift */; };
		B390A5D81F134F8D006CB64A /* Transition.swift in Sources */ = {isa = PBXBuildFile; fileRef = B390A5D41F134F72006CB64A /* Transition.swift */; };
		B390A5DB1F134FAD006CB64A /* Nimble+Transitions.swift in Sources */ = {isa = PBXBuildFile; fileRef = B390A5D91F134F9E006CB64A /* Nimble+Transitions.swift */; };
		B390A5DE1F13501A006CB64A /* Generator.swift in Sources */ = {isa = PBXBuildFile; fileRef = B390A5DC1F135000006CB64A /* Generator.swift */; };
		B390A5E01F135031006CB64A /* GeneratorTests.swift in Sources */ = {isa = PBXBuildFile; fileRef = B390A5DF1F135031006CB64A /* GeneratorTests.swift */; };
		B390A5E21F13534B006CB64A /* SessionManager+Unbox.swift in Sources */ = {isa = PBXBuildFile; fileRef = B390A5E11F13534B006CB64A /* SessionManager+Unbox.swift */; };
		E37AB9CABA41A66ECDC9E338 /* Pods_Democracy.framework in Frameworks */ = {isa = PBXBuildFile; fileRef = B31FF96CD34159F58EFD3927 /* Pods_Democracy.framework */; };
/* End PBXBuildFile section */

/* Begin PBXContainerItemProxy section */
		B30EDFAC1F09C7C8006BDA24 /* PBXContainerItemProxy */ = {
			isa = PBXContainerItemProxy;
			containerPortal = B30EDF8F1F09C7C7006BDA24 /* Project object */;
			proxyType = 1;
			remoteGlobalIDString = B30EDF961F09C7C7006BDA24;
			remoteInfo = Democracy;
		};
/* End PBXContainerItemProxy section */

/* Begin PBXFileReference section */
		296DC85D24525959AEFBB022 /* Pods-DemocracyTests.debug.xcconfig */ = {isa = PBXFileReference; includeInIndex = 1; lastKnownFileType = text.xcconfig; name = "Pods-DemocracyTests.debug.xcconfig"; path = "Pods/Target Support Files/Pods-DemocracyTests/Pods-DemocracyTests.debug.xcconfig"; sourceTree = "<group>"; };
		501E99DFEC72A8D1D2D26953 /* Pods_DemocracyTests.framework */ = {isa = PBXFileReference; explicitFileType = wrapper.framework; includeInIndex = 0; path = Pods_DemocracyTests.framework; sourceTree = BUILT_PRODUCTS_DIR; };
		B30EDF971F09C7C7006BDA24 /* Democracy.app */ = {isa = PBXFileReference; explicitFileType = wrapper.application; includeInIndex = 0; path = Democracy.app; sourceTree = BUILT_PRODUCTS_DIR; };
		B30EDF9A1F09C7C7006BDA24 /* AppDelegate.swift */ = {isa = PBXFileReference; lastKnownFileType = sourcecode.swift; path = AppDelegate.swift; sourceTree = "<group>"; };
		B30EDFA11F09C7C7006BDA24 /* Assets.xcassets */ = {isa = PBXFileReference; lastKnownFileType = folder.assetcatalog; path = Assets.xcassets; sourceTree = "<group>"; };
		B30EDFA41F09C7C7006BDA24 /* Base */ = {isa = PBXFileReference; lastKnownFileType = file.storyboard; name = Base; path = Base.lproj/LaunchScreen.storyboard; sourceTree = "<group>"; };
		B30EDFA61F09C7C7006BDA24 /* Info.plist */ = {isa = PBXFileReference; lastKnownFileType = text.plist.xml; path = Info.plist; sourceTree = "<group>"; };
		B30EDFAB1F09C7C8006BDA24 /* DemocracyTests.xctest */ = {isa = PBXFileReference; explicitFileType = wrapper.cfbundle; includeInIndex = 0; path = DemocracyTests.xctest; sourceTree = BUILT_PRODUCTS_DIR; };
		B30EDFB11F09C7C8006BDA24 /* Info.plist */ = {isa = PBXFileReference; lastKnownFileType = text.plist.xml; path = Info.plist; sourceTree = "<group>"; };
		B31FF96CD34159F58EFD3927 /* Pods_Democracy.framework */ = {isa = PBXFileReference; explicitFileType = wrapper.framework; includeInIndex = 0; path = Pods_Democracy.framework; sourceTree = BUILT_PRODUCTS_DIR; };
		B38445B91F12ED0100D758BA /* Request.swift */ = {isa = PBXFileReference; fileEncoding = 4; lastKnownFileType = sourcecode.swift; path = Request.swift; sourceTree = "<group>"; };
		B38445BB1F12ED0D00D758BA /* SessionManager+Request.swift */ = {isa = PBXFileReference; fileEncoding = 4; lastKnownFileType = sourcecode.swift; path = "SessionManager+Request.swift"; sourceTree = "<group>"; };
		B38445C21F12EDF500D758BA /* PoliticiansState.swift */ = {isa = PBXFileReference; fileEncoding = 4; lastKnownFileType = sourcecode.swift; path = PoliticiansState.swift; sourceTree = "<group>"; };
		B38445C51F12EE1C00D758BA /* Politician.swift */ = {isa = PBXFileReference; fileEncoding = 4; lastKnownFileType = sourcecode.swift; path = Politician.swift; sourceTree = "<group>"; };
		B38445C71F12EF2900D758BA /* PoliticiansReducer.swift */ = {isa = PBXFileReference; fileEncoding = 4; lastKnownFileType = sourcecode.swift; path = PoliticiansReducer.swift; sourceTree = "<group>"; };
		B38445C91F12FC5200D758BA /* PoliticiansAction.swift */ = {isa = PBXFileReference; fileEncoding = 4; lastKnownFileType = sourcecode.swift; path = PoliticiansAction.swift; sourceTree = "<group>"; };
		B38445CB1F12FCB300D758BA /* PoliticiansReducerTests.swift */ = {isa = PBXFileReference; fileEncoding = 4; lastKnownFileType = sourcecode.swift; path = PoliticiansReducerTests.swift; sourceTree = "<group>"; };
		B38445CD1F13196D00D758BA /* TestData.swift */ = {isa = PBXFileReference; fileEncoding = 4; lastKnownFileType = sourcecode.swift; path = TestData.swift; sourceTree = "<group>"; };
		B38445D11F131CC000D758BA /* Error+PatternMatching.swift */ = {isa = PBXFileReference; fileEncoding = 4; lastKnownFileType = sourcecode.swift; path = "Error+PatternMatching.swift"; sourceTree = "<group>"; };
		B38616411F17B4B5001099FC /* PoliticiansEpics.swift */ = {isa = PBXFileReference; fileEncoding = 4; lastKnownFileType = sourcecode.swift; path = PoliticiansEpics.swift; sourceTree = "<group>"; };
		B38616431F17C0C5001099FC /* FunctionalUtils.swift */ = {isa = PBXFileReference; fileEncoding = 4; lastKnownFileType = sourcecode.swift; path = FunctionalUtils.swift; sourceTree = "<group>"; };
		B38616451F17C0F2001099FC /* RxSwift+Unwrap.swift */ = {isa = PBXFileReference; fileEncoding = 4; lastKnownFileType = sourcecode.swift; path = "RxSwift+Unwrap.swift"; sourceTree = "<group>"; };
		B38616491F17C238001099FC /* AppSessionConfigurationFactory.swift */ = {isa = PBXFileReference; fileEncoding = 4; lastKnownFileType = sourcecode.swift; path = AppSessionConfigurationFactory.swift; sourceTree = "<group>"; };
		B386164B1F17C28D001099FC /* APIDefaults.swift */ = {isa = PBXFileReference; fileEncoding = 4; lastKnownFileType = sourcecode.swift; path = APIDefaults.swift; sourceTree = "<group>"; };
		B38616511F17C617001099FC /* Epics.swift */ = {isa = PBXFileReference; fileEncoding = 4; lastKnownFileType = sourcecode.swift; path = Epics.swift; sourceTree = "<group>"; };
		B386166A1F181117001099FC /* Store.swift */ = {isa = PBXFileReference; fileEncoding = 4; lastKnownFileType = sourcecode.swift; path = Store.swift; sourceTree = "<group>"; };
		B386166C1F18114C001099FC /* Action.swift */ = {isa = PBXFileReference; fileEncoding = 4; lastKnownFileType = sourcecode.swift; path = Action.swift; sourceTree = "<group>"; };
		B386166E1F1813CD001099FC /* Reducer.swift */ = {isa = PBXFileReference; fileEncoding = 4; lastKnownFileType = sourcecode.swift; path = Reducer.swift; sourceTree = "<group>"; };
		B38616701F1813D8001099FC /* Dispatch.swift */ = {isa = PBXFileReference; fileEncoding = 4; lastKnownFileType = sourcecode.swift; path = Dispatch.swift; sourceTree = "<group>"; };
		B38616721F1813E3001099FC /* Middleware.swift */ = {isa = PBXFileReference; fileEncoding = 4; lastKnownFileType = sourcecode.swift; path = Middleware.swift; sourceTree = "<group>"; };
		B38616741F181EED001099FC /* EpicMiddleware.swift */ = {isa = PBXFileReference; fileEncoding = 4; lastKnownFileType = sourcecode.swift; path = EpicMiddleware.swift; sourceTree = "<group>"; };
		B38616771F191E3C001099FC /* PoliticiansViewController.swift */ = {isa = PBXFileReference; fileEncoding = 4; lastKnownFileType = sourcecode.swift; path = PoliticiansViewController.swift; sourceTree = "<group>"; };
		B38616791F195111001099FC /* AppRouter.swift */ = {isa = PBXFileReference; fileEncoding = 4; lastKnownFileType = sourcecode.swift; path = AppRouter.swift; sourceTree = "<group>"; };
		B386167B1F1953D9001099FC /* AppStore.swift */ = {isa = PBXFileReference; fileEncoding = 4; lastKnownFileType = sourcecode.swift; path = AppStore.swift; sourceTree = "<group>"; };
		B386167D1F1953E2001099FC /* AppState.swift */ = {isa = PBXFileReference; fileEncoding = 4; lastKnownFileType = sourcecode.swift; path = AppState.swift; sourceTree = "<group>"; };
		B386167F1F1953E7001099FC /* AppReducer.swift */ = {isa = PBXFileReference; fileEncoding = 4; lastKnownFileType = sourcecode.swift; path = AppReducer.swift; sourceTree = "<group>"; };
		B38616811F195442001099FC /* Store+Rx.swift */ = {isa = PBXFileReference; fileEncoding = 4; lastKnownFileType = sourcecode.swift; path = "Store+Rx.swift"; sourceTree = "<group>"; };
		B390A5D41F134F72006CB64A /* Transition.swift */ = {isa = PBXFileReference; fileEncoding = 4; lastKnownFileType = sourcecode.swift; path = Transition.swift; sourceTree = "<group>"; };
		B390A5D91F134F9E006CB64A /* Nimble+Transitions.swift */ = {isa = PBXFileReference; fileEncoding = 4; lastKnownFileType = sourcecode.swift; path = "Nimble+Transitions.swift"; sourceTree = "<group>"; };
		B390A5DC1F135000006CB64A /* Generator.swift */ = {isa = PBXFileReference; fileEncoding = 4; lastKnownFileType = sourcecode.swift; path = Generator.swift; sourceTree = "<group>"; };
		B390A5DF1F135031006CB64A /* GeneratorTests.swift */ = {isa = PBXFileReference; fileEncoding = 4; lastKnownFileType = sourcecode.swift; path = GeneratorTests.swift; sourceTree = "<group>"; };
		B390A5E11F13534B006CB64A /* SessionManager+Unbox.swift */ = {isa = PBXFileReference; fileEncoding = 4; lastKnownFileType = sourcecode.swift; path = "SessionManager+Unbox.swift"; sourceTree = "<group>"; };
		D21E3CF614409AF2AAD3572A /* Pods-DemocracyTests.release.xcconfig */ = {isa = PBXFileReference; includeInIndex = 1; lastKnownFileType = text.xcconfig; name = "Pods-DemocracyTests.release.xcconfig"; path = "Pods/Target Support Files/Pods-DemocracyTests/Pods-DemocracyTests.release.xcconfig"; sourceTree = "<group>"; };
		DF207EF941E7A419DBEAACE3 /* Pods-Democracy.release.xcconfig */ = {isa = PBXFileReference; includeInIndex = 1; lastKnownFileType = text.xcconfig; name = "Pods-Democracy.release.xcconfig"; path = "Pods/Target Support Files/Pods-Democracy/Pods-Democracy.release.xcconfig"; sourceTree = "<group>"; };
		E4CF9C624CEBE69CD078E536 /* Pods-Democracy.debug.xcconfig */ = {isa = PBXFileReference; includeInIndex = 1; lastKnownFileType = text.xcconfig; name = "Pods-Democracy.debug.xcconfig"; path = "Pods/Target Support Files/Pods-Democracy/Pods-Democracy.debug.xcconfig"; sourceTree = "<group>"; };
/* End PBXFileReference section */

/* Begin PBXFrameworksBuildPhase section */
		B30EDF941F09C7C7006BDA24 /* Frameworks */ = {
			isa = PBXFrameworksBuildPhase;
			buildActionMask = 2147483647;
			files = (
				E37AB9CABA41A66ECDC9E338 /* Pods_Democracy.framework in Frameworks */,
			);
			runOnlyForDeploymentPostprocessing = 0;
		};
		B30EDFA81F09C7C8006BDA24 /* Frameworks */ = {
			isa = PBXFrameworksBuildPhase;
			buildActionMask = 2147483647;
			files = (
				1A10C07774A23C7B6279D6A6 /* Pods_DemocracyTests.framework in Frameworks */,
			);
			runOnlyForDeploymentPostprocessing = 0;
		};
/* End PBXFrameworksBuildPhase section */

/* Begin PBXGroup section */
		23D0DBA270800BB3BA64F08D /* Pods */ = {
			isa = PBXGroup;
			children = (
				E4CF9C624CEBE69CD078E536 /* Pods-Democracy.debug.xcconfig */,
				DF207EF941E7A419DBEAACE3 /* Pods-Democracy.release.xcconfig */,
				296DC85D24525959AEFBB022 /* Pods-DemocracyTests.debug.xcconfig */,
				D21E3CF614409AF2AAD3572A /* Pods-DemocracyTests.release.xcconfig */,
			);
			name = Pods;
			sourceTree = "<group>";
		};
		B30EDF8E1F09C7C7006BDA24 = {
			isa = PBXGroup;
			children = (
				EF06A1A70903DDF6F47B5DC5 /* Frameworks */,
				23D0DBA270800BB3BA64F08D /* Pods */,
				B30EDF981F09C7C7006BDA24 /* Products */,
				B30EDF991F09C7C7006BDA24 /* Sources */,
				B30EDFAE1F09C7C8006BDA24 /* Tests */,
			);
			sourceTree = "<group>";
		};
		B30EDF981F09C7C7006BDA24 /* Products */ = {
			isa = PBXGroup;
			children = (
				B30EDF971F09C7C7006BDA24 /* Democracy.app */,
				B30EDFAB1F09C7C8006BDA24 /* DemocracyTests.xctest */,
			);
			name = Products;
			sourceTree = "<group>";
		};
		B30EDF991F09C7C7006BDA24 /* Sources */ = {
			isa = PBXGroup;
			children = (
				B38616471F17C227001099FC /* Application */,
				B38445C01F12EDA200D758BA /* Politicians */,
				B38445BD1F12ED7D00D758BA /* Redux */,
				B38445D01F131CB500D758BA /* Support */,
				B30EDF9A1F09C7C7006BDA24 /* AppDelegate.swift */,
				B30EDFA11F09C7C7006BDA24 /* Assets.xcassets */,
				B30EDFA61F09C7C7006BDA24 /* Info.plist */,
				B30EDFA31F09C7C7006BDA24 /* LaunchScreen.storyboard */,
			);
			path = Sources;
			sourceTree = "<group>";
		};
		B30EDFAE1F09C7C8006BDA24 /* Tests */ = {
			isa = PBXGroup;
			children = (
				B390A5D71F134F7E006CB64A /* Cases */,
				B390A5D61F134F79006CB64A /* Support */,
				B30EDFB11F09C7C8006BDA24 /* Info.plist */,
			);
			path = Tests;
			sourceTree = "<group>";
		};
		B38445B81F12ECDC00D758BA /* Networking */ = {
			isa = PBXGroup;
			children = (
				B38445B91F12ED0100D758BA /* Request.swift */,
				B38445BB1F12ED0D00D758BA /* SessionManager+Request.swift */,
				B390A5E11F13534B006CB64A /* SessionManager+Unbox.swift */,
			);
			path = Networking;
			sourceTree = "<group>";
		};
		B38445BD1F12ED7D00D758BA /* Redux */ = {
			isa = PBXGroup;
			children = (
				B38616511F17C617001099FC /* Epics.swift */,
				B386166A1F181117001099FC /* Store.swift */,
				B386166C1F18114C001099FC /* Action.swift */,
				B386166E1F1813CD001099FC /* Reducer.swift */,
				B38616701F1813D8001099FC /* Dispatch.swift */,
				B38616721F1813E3001099FC /* Middleware.swift */,
				B38616741F181EED001099FC /* EpicMiddleware.swift */,
				B38616811F195442001099FC /* Store+Rx.swift */,
			);
			path = Redux;
			sourceTree = "<group>";
		};
		B38445C01F12EDA200D758BA /* Politicians */ = {
			isa = PBXGroup;
			children = (
				B38616761F191E1B001099FC /* ViewControllers */,
				B38445C41F12EE1700D758BA /* Models */,
				B38445C11F12EDEB00D758BA /* Redux */,
			);
			path = Politicians;
			sourceTree = "<group>";
		};
		B38445C11F12EDEB00D758BA /* Redux */ = {
			isa = PBXGroup;
			children = (
				B38445C91F12FC5200D758BA /* PoliticiansAction.swift */,
				B38616411F17B4B5001099FC /* PoliticiansEpics.swift */,
				B38445C71F12EF2900D758BA /* PoliticiansReducer.swift */,
				B38445C21F12EDF500D758BA /* PoliticiansState.swift */,
			);
			path = Redux;
			sourceTree = "<group>";
		};
		B38445C41F12EE1700D758BA /* Models */ = {
			isa = PBXGroup;
			children = (
				B38445C51F12EE1C00D758BA /* Politician.swift */,
			);
			path = Models;
			sourceTree = "<group>";
		};
		B38445D01F131CB500D758BA /* Support */ = {
			isa = PBXGroup;
			children = (
				B38445B81F12ECDC00D758BA /* Networking */,
				B38445D11F131CC000D758BA /* Error+PatternMatching.swift */,
				B38616431F17C0C5001099FC /* FunctionalUtils.swift */,
				B38616451F17C0F2001099FC /* RxSwift+Unwrap.swift */,
			);
			path = Support;
			sourceTree = "<group>";
		};
		B38616471F17C227001099FC /* Application */ = {
			isa = PBXGroup;
			children = (
				B38616481F17C22F001099FC /* Networking */,
				B38616791F195111001099FC /* AppRouter.swift */,
				B386167B1F1953D9001099FC /* AppStore.swift */,
				B386167D1F1953E2001099FC /* AppState.swift */,
				B386167F1F1953E7001099FC /* AppReducer.swift */,
			);
			path = Application;
			sourceTree = "<group>";
		};
		B38616481F17C22F001099FC /* Networking */ = {
			isa = PBXGroup;
			children = (
				B386164B1F17C28D001099FC /* APIDefaults.swift */,
				B38616491F17C238001099FC /* AppSessionConfigurationFactory.swift */,
			);
			path = Networking;
			sourceTree = "<group>";
		};
		B38616761F191E1B001099FC /* ViewControllers */ = {
			isa = PBXGroup;
			children = (
				B38616771F191E3C001099FC /* PoliticiansViewController.swift */,
			);
			name = ViewControllers;
			sourceTree = "<group>";
		};
		B390A5D61F134F79006CB64A /* Support */ = {
			isa = PBXGroup;
			children = (
				B390A5DC1F135000006CB64A /* Generator.swift */,
				B390A5D91F134F9E006CB64A /* Nimble+Transitions.swift */,
				B38445CD1F13196D00D758BA /* TestData.swift */,
				B390A5D41F134F72006CB64A /* Transition.swift */,
			);
			path = Support;
			sourceTree = "<group>";
		};
		B390A5D71F134F7E006CB64A /* Cases */ = {
			isa = PBXGroup;
			children = (
				B390A5DF1F135031006CB64A /* GeneratorTests.swift */,
				B38445CB1F12FCB300D758BA /* PoliticiansReducerTests.swift */,
			);
			path = Cases;
			sourceTree = "<group>";
		};
		EF06A1A70903DDF6F47B5DC5 /* Frameworks */ = {
			isa = PBXGroup;
			children = (
				B31FF96CD34159F58EFD3927 /* Pods_Democracy.framework */,
				501E99DFEC72A8D1D2D26953 /* Pods_DemocracyTests.framework */,
			);
			name = Frameworks;
			sourceTree = "<group>";
		};
/* End PBXGroup section */

/* Begin PBXNativeTarget section */
		B30EDF961F09C7C7006BDA24 /* Democracy */ = {
			isa = PBXNativeTarget;
			buildConfigurationList = B30EDFB41F09C7C8006BDA24 /* Build configuration list for PBXNativeTarget "Democracy" */;
			buildPhases = (
				264D40EF4AE800767442B685 /* [CP] Check Pods Manifest.lock */,
				B30EDF931F09C7C7006BDA24 /* Sources */,
				B30EDF941F09C7C7006BDA24 /* Frameworks */,
				B30EDF951F09C7C7006BDA24 /* Resources */,
				88304A79F404BD93006C6A85 /* [CP] Embed Pods Frameworks */,
				CEE3799EB337865CEEE0A07E /* [CP] Copy Pods Resources */,
			);
			buildRules = (
			);
			dependencies = (
			);
			name = Democracy;
			productName = Democracy;
			productReference = B30EDF971F09C7C7006BDA24 /* Democracy.app */;
			productType = "com.apple.product-type.application";
		};
		B30EDFAA1F09C7C8006BDA24 /* DemocracyTests */ = {
			isa = PBXNativeTarget;
			buildConfigurationList = B30EDFB71F09C7C8006BDA24 /* Build configuration list for PBXNativeTarget "DemocracyTests" */;
			buildPhases = (
				B0E40E037749E7273D806E73 /* [CP] Check Pods Manifest.lock */,
				B30EDFA71F09C7C8006BDA24 /* Sources */,
				B30EDFA81F09C7C8006BDA24 /* Frameworks */,
				B30EDFA91F09C7C8006BDA24 /* Resources */,
				16E17C43E5E25CB1095A9D9A /* [CP] Embed Pods Frameworks */,
				5C1DB618BAE3EEA1A85666A4 /* [CP] Copy Pods Resources */,
			);
			buildRules = (
			);
			dependencies = (
				B30EDFAD1F09C7C8006BDA24 /* PBXTargetDependency */,
			);
			name = DemocracyTests;
			productName = DemocracyTests;
			productReference = B30EDFAB1F09C7C8006BDA24 /* DemocracyTests.xctest */;
			productType = "com.apple.product-type.bundle.unit-test";
		};
/* End PBXNativeTarget section */

/* Begin PBXProject section */
		B30EDF8F1F09C7C7006BDA24 /* Project object */ = {
			isa = PBXProject;
			attributes = {
				LastSwiftUpdateCheck = 0830;
				LastUpgradeCheck = 0830;
				ORGANIZATIONNAME = TDC;
				TargetAttributes = {
					B30EDF961F09C7C7006BDA24 = {
						CreatedOnToolsVersion = 8.3.2;
						DevelopmentTeam = 8Q86GGRUX8;
						ProvisioningStyle = Automatic;
					};
					B30EDFAA1F09C7C8006BDA24 = {
						CreatedOnToolsVersion = 8.3.2;
						LastSwiftMigration = 0830;
						ProvisioningStyle = Automatic;
						TestTargetID = B30EDF961F09C7C7006BDA24;
					};
				};
			};
			buildConfigurationList = B30EDF921F09C7C7006BDA24 /* Build configuration list for PBXProject "Democracy" */;
			compatibilityVersion = "Xcode 3.2";
			developmentRegion = English;
			hasScannedForEncodings = 0;
			knownRegions = (
				en,
				Base,
			);
			mainGroup = B30EDF8E1F09C7C7006BDA24;
			productRefGroup = B30EDF981F09C7C7006BDA24 /* Products */;
			projectDirPath = "";
			projectRoot = "";
			targets = (
				B30EDF961F09C7C7006BDA24 /* Democracy */,
				B30EDFAA1F09C7C8006BDA24 /* DemocracyTests */,
			);
		};
/* End PBXProject section */

/* Begin PBXResourcesBuildPhase section */
		B30EDF951F09C7C7006BDA24 /* Resources */ = {
			isa = PBXResourcesBuildPhase;
			buildActionMask = 2147483647;
			files = (
				B30EDFA51F09C7C7006BDA24 /* LaunchScreen.storyboard in Resources */,
				B30EDFA21F09C7C7006BDA24 /* Assets.xcassets in Resources */,
			);
			runOnlyForDeploymentPostprocessing = 0;
		};
		B30EDFA91F09C7C8006BDA24 /* Resources */ = {
			isa = PBXResourcesBuildPhase;
			buildActionMask = 2147483647;
			files = (
			);
			runOnlyForDeploymentPostprocessing = 0;
		};
/* End PBXResourcesBuildPhase section */

/* Begin PBXShellScriptBuildPhase section */
		16E17C43E5E25CB1095A9D9A /* [CP] Embed Pods Frameworks */ = {
			isa = PBXShellScriptBuildPhase;
			buildActionMask = 2147483647;
			files = (
			);
			inputPaths = (
			);
			name = "[CP] Embed Pods Frameworks";
			outputPaths = (
			);
			runOnlyForDeploymentPostprocessing = 0;
			shellPath = /bin/sh;
			shellScript = "\"${SRCROOT}/Pods/Target Support Files/Pods-DemocracyTests/Pods-DemocracyTests-frameworks.sh\"\n";
			showEnvVarsInLog = 0;
		};
		264D40EF4AE800767442B685 /* [CP] Check Pods Manifest.lock */ = {
			isa = PBXShellScriptBuildPhase;
			buildActionMask = 2147483647;
			files = (
			);
			inputPaths = (
			);
			name = "[CP] Check Pods Manifest.lock";
			outputPaths = (
			);
			runOnlyForDeploymentPostprocessing = 0;
			shellPath = /bin/sh;
			shellScript = "diff \"${PODS_PODFILE_DIR_PATH}/Podfile.lock\" \"${PODS_ROOT}/Manifest.lock\" > /dev/null\nif [ $? != 0 ] ; then\n    # print error to STDERR\n    echo \"error: The sandbox is not in sync with the Podfile.lock. Run 'pod install' or update your CocoaPods installation.\" >&2\n    exit 1\nfi\n";
			showEnvVarsInLog = 0;
		};
		5C1DB618BAE3EEA1A85666A4 /* [CP] Copy Pods Resources */ = {
			isa = PBXShellScriptBuildPhase;
			buildActionMask = 2147483647;
			files = (
			);
			inputPaths = (
			);
			name = "[CP] Copy Pods Resources";
			outputPaths = (
			);
			runOnlyForDeploymentPostprocessing = 0;
			shellPath = /bin/sh;
			shellScript = "\"${SRCROOT}/Pods/Target Support Files/Pods-DemocracyTests/Pods-DemocracyTests-resources.sh\"\n";
			showEnvVarsInLog = 0;
		};
		88304A79F404BD93006C6A85 /* [CP] Embed Pods Frameworks */ = {
			isa = PBXShellScriptBuildPhase;
			buildActionMask = 2147483647;
			files = (
			);
			inputPaths = (
			);
			name = "[CP] Embed Pods Frameworks";
			outputPaths = (
			);
			runOnlyForDeploymentPostprocessing = 0;
			shellPath = /bin/sh;
			shellScript = "\"${SRCROOT}/Pods/Target Support Files/Pods-Democracy/Pods-Democracy-frameworks.sh\"\n";
			showEnvVarsInLog = 0;
		};
		B0E40E037749E7273D806E73 /* [CP] Check Pods Manifest.lock */ = {
			isa = PBXShellScriptBuildPhase;
			buildActionMask = 2147483647;
			files = (
			);
			inputPaths = (
			);
			name = "[CP] Check Pods Manifest.lock";
			outputPaths = (
			);
			runOnlyForDeploymentPostprocessing = 0;
			shellPath = /bin/sh;
			shellScript = "diff \"${PODS_PODFILE_DIR_PATH}/Podfile.lock\" \"${PODS_ROOT}/Manifest.lock\" > /dev/null\nif [ $? != 0 ] ; then\n    # print error to STDERR\n    echo \"error: The sandbox is not in sync with the Podfile.lock. Run 'pod install' or update your CocoaPods installation.\" >&2\n    exit 1\nfi\n";
			showEnvVarsInLog = 0;
		};
		CEE3799EB337865CEEE0A07E /* [CP] Copy Pods Resources */ = {
			isa = PBXShellScriptBuildPhase;
			buildActionMask = 2147483647;
			files = (
			);
			inputPaths = (
			);
			name = "[CP] Copy Pods Resources";
			outputPaths = (
			);
			runOnlyForDeploymentPostprocessing = 0;
			shellPath = /bin/sh;
			shellScript = "\"${SRCROOT}/Pods/Target Support Files/Pods-Democracy/Pods-Democracy-resources.sh\"\n";
			showEnvVarsInLog = 0;
		};
/* End PBXShellScriptBuildPhase section */

/* Begin PBXSourcesBuildPhase section */
		B30EDF931F09C7C7006BDA24 /* Sources */ = {
			isa = PBXSourcesBuildPhase;
			buildActionMask = 2147483647;
			files = (
				B38445C81F12EF2900D758BA /* PoliticiansReducer.swift in Sources */,
				B386166D1F18114C001099FC /* Action.swift in Sources */,
				B30EDF9B1F09C7C7006BDA24 /* AppDelegate.swift in Sources */,
				B390A5E21F13534B006CB64A /* SessionManager+Unbox.swift in Sources */,
				B38616521F17C617001099FC /* Epics.swift in Sources */,
				B38616731F1813E3001099FC /* Middleware.swift in Sources */,
				B38616441F17C0C5001099FC /* FunctionalUtils.swift in Sources */,
				B38616421F17B4B5001099FC /* PoliticiansEpics.swift in Sources */,
				B38445D21F131CC000D758BA /* Error+PatternMatching.swift in Sources */,
				B386167A1F195111001099FC /* AppRouter.swift in Sources */,
				B38616461F17C0F2001099FC /* RxSwift+Unwrap.swift in Sources */,
				B38445C31F12EDF500D758BA /* PoliticiansState.swift in Sources */,
				B386166B1F181117001099FC /* Store.swift in Sources */,
				B38445BC1F12ED0D00D758BA /* SessionManager+Request.swift in Sources */,
				B38616751F181EED001099FC /* EpicMiddleware.swift in Sources */,
				B386167C1F1953D9001099FC /* AppStore.swift in Sources */,
				B386167E1F1953E2001099FC /* AppState.swift in Sources */,
				B38616711F1813D8001099FC /* Dispatch.swift in Sources */,
				B38445BA1F12ED0100D758BA /* Request.swift in Sources */,
				B38445C61F12EE1C00D758BA /* Politician.swift in Sources */,
				B38616801F1953E7001099FC /* AppReducer.swift in Sources */,
				B386166F1F1813CD001099FC /* Reducer.swift in Sources */,
				B38616781F191E3C001099FC /* PoliticiansViewController.swift in Sources */,
				B386164A1F17C238001099FC /* AppSessionConfigurationFactory.swift in Sources */,
				B38616821F195442001099FC /* Store+Rx.swift in Sources */,
				B386164C1F17C28D001099FC /* APIDefaults.swift in Sources */,
				B38445CA1F12FC5200D758BA /* PoliticiansAction.swift in Sources */,
			);
			runOnlyForDeploymentPostprocessing = 0;
		};
		B30EDFA71F09C7C8006BDA24 /* Sources */ = {
			isa = PBXSourcesBuildPhase;
			buildActionMask = 2147483647;
			files = (
				B390A5D81F134F8D006CB64A /* Transition.swift in Sources */,
				B38445CC1F12FCB300D758BA /* PoliticiansReducerTests.swift in Sources */,
				B38445CF1F1319A000D758BA /* TestData.swift in Sources */,
				B390A5DB1F134FAD006CB64A /* Nimble+Transitions.swift in Sources */,
				B390A5DE1F13501A006CB64A /* Generator.swift in Sources */,
				B390A5E01F135031006CB64A /* GeneratorTests.swift in Sources */,
			);
			runOnlyForDeploymentPostprocessing = 0;
		};
/* End PBXSourcesBuildPhase section */

/* Begin PBXTargetDependency section */
		B30EDFAD1F09C7C8006BDA24 /* PBXTargetDependency */ = {
			isa = PBXTargetDependency;
			target = B30EDF961F09C7C7006BDA24 /* Democracy */;
			targetProxy = B30EDFAC1F09C7C8006BDA24 /* PBXContainerItemProxy */;
		};
/* End PBXTargetDependency section */

/* Begin PBXVariantGroup section */
		B30EDFA31F09C7C7006BDA24 /* LaunchScreen.storyboard */ = {
			isa = PBXVariantGroup;
			children = (
				B30EDFA41F09C7C7006BDA24 /* Base */,
			);
			name = LaunchScreen.storyboard;
			path = .;
			sourceTree = "<group>";
		};
/* End PBXVariantGroup section */

/* Begin XCBuildConfiguration section */
		B30EDFB21F09C7C8006BDA24 /* Debug */ = {
			isa = XCBuildConfiguration;
			buildSettings = {
				ALWAYS_SEARCH_USER_PATHS = NO;
				CLANG_ANALYZER_NONNULL = YES;
				CLANG_ANALYZER_NUMBER_OBJECT_CONVERSION = YES_AGGRESSIVE;
				CLANG_CXX_LANGUAGE_STANDARD = "gnu++0x";
				CLANG_CXX_LIBRARY = "libc++";
				CLANG_ENABLE_MODULES = YES;
				CLANG_ENABLE_OBJC_ARC = YES;
				CLANG_WARN_BOOL_CONVERSION = YES;
				CLANG_WARN_CONSTANT_CONVERSION = YES;
				CLANG_WARN_DIRECT_OBJC_ISA_USAGE = YES_ERROR;
				CLANG_WARN_DOCUMENTATION_COMMENTS = YES;
				CLANG_WARN_EMPTY_BODY = YES;
				CLANG_WARN_ENUM_CONVERSION = YES;
				CLANG_WARN_INFINITE_RECURSION = YES;
				CLANG_WARN_INT_CONVERSION = YES;
				CLANG_WARN_OBJC_ROOT_CLASS = YES_ERROR;
				CLANG_WARN_SUSPICIOUS_MOVE = YES;
				CLANG_WARN_UNREACHABLE_CODE = YES;
				CLANG_WARN__DUPLICATE_METHOD_MATCH = YES;
				"CODE_SIGN_IDENTITY[sdk=iphoneos*]" = "iPhone Developer";
				COPY_PHASE_STRIP = NO;
				DEBUG_INFORMATION_FORMAT = dwarf;
				ENABLE_STRICT_OBJC_MSGSEND = YES;
				ENABLE_TESTABILITY = YES;
				GCC_C_LANGUAGE_STANDARD = gnu99;
				GCC_DYNAMIC_NO_PIC = NO;
				GCC_NO_COMMON_BLOCKS = YES;
				GCC_OPTIMIZATION_LEVEL = 0;
				GCC_PREPROCESSOR_DEFINITIONS = (
					"DEBUG=1",
					"$(inherited)",
				);
				GCC_WARN_64_TO_32_BIT_CONVERSION = YES;
				GCC_WARN_ABOUT_RETURN_TYPE = YES_ERROR;
				GCC_WARN_UNDECLARED_SELECTOR = YES;
				GCC_WARN_UNINITIALIZED_AUTOS = YES_AGGRESSIVE;
				GCC_WARN_UNUSED_FUNCTION = YES;
				GCC_WARN_UNUSED_VARIABLE = YES;
				IPHONEOS_DEPLOYMENT_TARGET = 10.3;
				MTL_ENABLE_DEBUG_INFO = YES;
				ONLY_ACTIVE_ARCH = YES;
				SDKROOT = iphoneos;
				SWIFT_ACTIVE_COMPILATION_CONDITIONS = DEBUG;
				SWIFT_OPTIMIZATION_LEVEL = "-Onone";
			};
			name = Debug;
		};
		B30EDFB31F09C7C8006BDA24 /* Release */ = {
			isa = XCBuildConfiguration;
			buildSettings = {
				ALWAYS_SEARCH_USER_PATHS = NO;
				CLANG_ANALYZER_NONNULL = YES;
				CLANG_ANALYZER_NUMBER_OBJECT_CONVERSION = YES_AGGRESSIVE;
				CLANG_CXX_LANGUAGE_STANDARD = "gnu++0x";
				CLANG_CXX_LIBRARY = "libc++";
				CLANG_ENABLE_MODULES = YES;
				CLANG_ENABLE_OBJC_ARC = YES;
				CLANG_WARN_BOOL_CONVERSION = YES;
				CLANG_WARN_CONSTANT_CONVERSION = YES;
				CLANG_WARN_DIRECT_OBJC_ISA_USAGE = YES_ERROR;
				CLANG_WARN_DOCUMENTATION_COMMENTS = YES;
				CLANG_WARN_EMPTY_BODY = YES;
				CLANG_WARN_ENUM_CONVERSION = YES;
				CLANG_WARN_INFINITE_RECURSION = YES;
				CLANG_WARN_INT_CONVERSION = YES;
				CLANG_WARN_OBJC_ROOT_CLASS = YES_ERROR;
				CLANG_WARN_SUSPICIOUS_MOVE = YES;
				CLANG_WARN_UNREACHABLE_CODE = YES;
				CLANG_WARN__DUPLICATE_METHOD_MATCH = YES;
				"CODE_SIGN_IDENTITY[sdk=iphoneos*]" = "iPhone Developer";
				COPY_PHASE_STRIP = NO;
				DEBUG_INFORMATION_FORMAT = "dwarf-with-dsym";
				ENABLE_NS_ASSERTIONS = NO;
				ENABLE_STRICT_OBJC_MSGSEND = YES;
				GCC_C_LANGUAGE_STANDARD = gnu99;
				GCC_NO_COMMON_BLOCKS = YES;
				GCC_WARN_64_TO_32_BIT_CONVERSION = YES;
				GCC_WARN_ABOUT_RETURN_TYPE = YES_ERROR;
				GCC_WARN_UNDECLARED_SELECTOR = YES;
				GCC_WARN_UNINITIALIZED_AUTOS = YES_AGGRESSIVE;
				GCC_WARN_UNUSED_FUNCTION = YES;
				GCC_WARN_UNUSED_VARIABLE = YES;
				IPHONEOS_DEPLOYMENT_TARGET = 10.3;
				MTL_ENABLE_DEBUG_INFO = NO;
				SDKROOT = iphoneos;
				SWIFT_OPTIMIZATION_LEVEL = "-Owholemodule";
				VALIDATE_PRODUCT = YES;
			};
			name = Release;
		};
		B30EDFB51F09C7C8006BDA24 /* Debug */ = {
			isa = XCBuildConfiguration;
			baseConfigurationReference = E4CF9C624CEBE69CD078E536 /* Pods-Democracy.debug.xcconfig */;
			buildSettings = {
				ASSETCATALOG_COMPILER_APPICON_NAME = AppIcon;
				DEVELOPMENT_TEAM = 8Q86GGRUX8;
				INFOPLIST_FILE = Sources/Info.plist;
				LD_RUNPATH_SEARCH_PATHS = "$(inherited) @executable_path/Frameworks";
				PRODUCT_BUNDLE_IDENTIFIER = br.com.thedevelopersconference.Democracy;
				PRODUCT_NAME = "$(TARGET_NAME)";
				SWIFT_VERSION = 3.0;
			};
			name = Debug;
		};
		B30EDFB61F09C7C8006BDA24 /* Release */ = {
			isa = XCBuildConfiguration;
			baseConfigurationReference = DF207EF941E7A419DBEAACE3 /* Pods-Democracy.release.xcconfig */;
			buildSettings = {
				ASSETCATALOG_COMPILER_APPICON_NAME = AppIcon;
				DEVELOPMENT_TEAM = 8Q86GGRUX8;
				INFOPLIST_FILE = Sources/Info.plist;
				LD_RUNPATH_SEARCH_PATHS = "$(inherited) @executable_path/Frameworks";
				PRODUCT_BUNDLE_IDENTIFIER = br.com.thedevelopersconference.Democracy;
				PRODUCT_NAME = "$(TARGET_NAME)";
				SWIFT_VERSION = 3.0;
			};
			name = Release;
		};
		B30EDFB81F09C7C8006BDA24 /* Debug */ = {
			isa = XCBuildConfiguration;
			baseConfigurationReference = 296DC85D24525959AEFBB022 /* Pods-DemocracyTests.debug.xcconfig */;
			buildSettings = {
				BUNDLE_LOADER = "$(TEST_HOST)";
				CLANG_ENABLE_MODULES = YES;
				INFOPLIST_FILE = Tests/Info.plist;
				LD_RUNPATH_SEARCH_PATHS = "$(inherited) @executable_path/Frameworks @loader_path/Frameworks";
				PRODUCT_BUNDLE_IDENTIFIER = br.com.thedevelopersconference.DemocracyTests;
				PRODUCT_NAME = "$(TARGET_NAME)";
				SWIFT_OPTIMIZATION_LEVEL = "-Onone";
				SWIFT_VERSION = 3.0;
				TEST_HOST = "$(BUILT_PRODUCTS_DIR)/Democracy.app/Democracy";
			};
			name = Debug;
		};
		B30EDFB91F09C7C8006BDA24 /* Release */ = {
			isa = XCBuildConfiguration;
			baseConfigurationReference = D21E3CF614409AF2AAD3572A /* Pods-DemocracyTests.release.xcconfig */;
			buildSettings = {
				BUNDLE_LOADER = "$(TEST_HOST)";
				CLANG_ENABLE_MODULES = YES;
				INFOPLIST_FILE = Tests/Info.plist;
				LD_RUNPATH_SEARCH_PATHS = "$(inherited) @executable_path/Frameworks @loader_path/Frameworks";
				PRODUCT_BUNDLE_IDENTIFIER = br.com.thedevelopersconference.DemocracyTests;
				PRODUCT_NAME = "$(TARGET_NAME)";
				SWIFT_VERSION = 3.0;
				TEST_HOST = "$(BUILT_PRODUCTS_DIR)/Democracy.app/Democracy";
			};
			name = Release;
		};
/* End XCBuildConfiguration section */

/* Begin XCConfigurationList section */
		B30EDF921F09C7C7006BDA24 /* Build configuration list for PBXProject "Democracy" */ = {
			isa = XCConfigurationList;
			buildConfigurations = (
				B30EDFB21F09C7C8006BDA24 /* Debug */,
				B30EDFB31F09C7C8006BDA24 /* Release */,
			);
			defaultConfigurationIsVisible = 0;
			defaultConfigurationName = Release;
		};
		B30EDFB41F09C7C8006BDA24 /* Build configuration list for PBXNativeTarget "Democracy" */ = {
			isa = XCConfigurationList;
			buildConfigurations = (
				B30EDFB51F09C7C8006BDA24 /* Debug */,
				B30EDFB61F09C7C8006BDA24 /* Release */,
			);
			defaultConfigurationIsVisible = 0;
			defaultConfigurationName = Release;
		};
		B30EDFB71F09C7C8006BDA24 /* Build configuration list for PBXNativeTarget "DemocracyTests" */ = {
			isa = XCConfigurationList;
			buildConfigurations = (
				B30EDFB81F09C7C8006BDA24 /* Debug */,
				B30EDFB91F09C7C8006BDA24 /* Release */,
			);
			defaultConfigurationIsVisible = 0;
			defaultConfigurationName = Release;
		};
/* End XCConfigurationList section */
	};
	rootObject = B30EDF8F1F09C7C7006BDA24 /* Project object */;
}
